{
  "name": "twenet",
  "lockfileVersion": 2,
  "requires": true,
  "packages": {
    "": {
      "name": "twenet",
      "dependencies": {
        "dotenv": "^14.2.0",
        "twitter-api-v2": "^1.9.1"
      }
    },
    "node_modules/dotenv": {
      "version": "14.2.0",
      "resolved": "https://registry.npmjs.org/dotenv/-/dotenv-14.2.0.tgz",
      "integrity": "sha512-05POuPJyPpO6jqzTNweQFfAyMSD4qa4lvsMOWyTRTdpHKy6nnnN+IYWaXF+lHivhBH/ufDKlR4IWCAN3oPnHuw==",
      "engines": {
        "node": ">=12"
      }
    },
    "node_modules/twitter-api-v2": {
      "version": "1.9.1",
      "resolved": "https://registry.npmjs.org/twitter-api-v2/-/twitter-api-v2-1.9.1.tgz",
      "integrity": "sha512-AZj7nO49MOjS/0kxbHZe947qmhoInnQ+orFEc2ACtgfqFjZezX0CbIQyxtg0wUiTGHnh9yjAC+4cNm+ifXjRlw=="
    }
  },
  "dependencies": {
    "dotenv": {
      "version": "14.2.0",
      "resolved": "https://registry.npmjs.org/dotenv/-/dotenv-14.2.0.tgz",
      "integrity": "sha512-05POuPJyPpO6jqzTNweQFfAyMSD4qa4lvsMOWyTRTdpHKy6nnnN+IYWaXF+lHivhBH/ufDKlR4IWCAN3oPnHuw=="
    },
    "twitter-api-v2": {
      "version": "1.9.1",
      "resolved": "https://registry.npmjs.org/twitter-api-v2/-/twitter-api-v2-1.9.1.tgz",
      "integrity": "sha512-AZj7nO49MOjS/0kxbHZe947qmhoInnQ+orFEc2ACtgfqFjZezX0CbIQyxtg0wUiTGHnh9yjAC+4cNm+ifXjRlw=="
    }
  }
}
